
Microsoft Visual Studio Solution File, Format Version 12.00
# Visual Studio Version 17
VisualStudioVersion = 17.0.32014.148
MinimumVisualStudioVersion = 15.0.26124.0
Project("{9A19103F-16F7-4668-BE54-9A1E7A4F7556}") = "ExpenseTracker.Core", "ExpenseTracker.Core\ExpenseTracker.Core.csproj", "{A86A67AB-6CBD-4D3A-B7F5-03252893773F}"
EndProject
Project("{9A19103F-16F7-4668-BE54-9A1E7A4F7556}") = "ExpenseTracker.Persistence.EF", "ExpenseTracker.Persistence.EF\ExpenseTracker.Persistence.EF.csproj", "{CE190060-654B-45ED-81AB-BFDB8CC6F78B}"
EndProject
Project("{9A19103F-16F7-4668-BE54-9A1E7A4F7556}") = "ExpenseTracker.Rest", "ExpenseTracker.Rest\ExpenseTracker.Rest.csproj", "{F80C8062-DD93-433E-A891-151E12C9507A}"
EndProject
Project("{9A19103F-16F7-4668-BE54-9A1E7A4F7556}") = "ExpenseTracker.Web", "ExpenseTracker.Web\ExpenseTracker.Web.csproj", "{939CD437-FCD2-43E8-9C91-4EA88B5F8F9A}"
EndProject
Project("{9A19103F-16F7-4668-BE54-9A1E7A4F7556}") = "ExpenseTracker.Tests", "ExpenseTracker.Tests\ExpenseTracker.Tests.csproj", "{179C6D9D-A3E0-45B1-B9A3-D5DCB1E3A026}"
EndProject
Project("{2150E333-8FDC-42A3-9474-1A3956D46DE8}") = "Identity", "Identity", "{E2C28C5D-334F-470F-8847-4AB1B00753FD}"
EndProject
Project("{9A19103F-16F7-4668-BE54-9A1E7A4F7556}") = "ExpenseTracker.Identity", "ExpenseTracker.Identity\ExpenseTracker.Identity.csproj", "{8ED233B6-45F0-41C6-9009-1D46DE7845D7}"
EndProject
Project("{FAE04EC0-301F-11D3-BF4B-00C04F79EFBC}") = "Expentracker.Identity.Infrastructure", "Expentracker.Identity.Infrastructure\Expentracker.Identity.Infrastructure.csproj", "{5FFE430A-F812-4AF6-8722-A2479BBF5C6E}"
EndProject
Global
	GlobalSection(SolutionConfigurationPlatforms) = preSolution
		Debug|Any CPU = Debug|Any CPU
		Debug|x64 = Debug|x64
		Debug|x86 = Debug|x86
		Release|Any CPU = Release|Any CPU
		Release|x64 = Release|x64
		Release|x86 = Release|x86
	EndGlobalSection
	GlobalSection(ProjectConfigurationPlatforms) = postSolution
		{A86A67AB-6CBD-4D3A-B7F5-03252893773F}.Debug|Any CPU.ActiveCfg = Debug|Any CPU
		{A86A67AB-6CBD-4D3A-B7F5-03252893773F}.Debug|Any CPU.Build.0 = Debug|Any CPU
		{A86A67AB-6CBD-4D3A-B7F5-03252893773F}.Debug|x64.ActiveCfg = Debug|Any CPU
		{A86A67AB-6CBD-4D3A-B7F5-03252893773F}.Debug|x64.Build.0 = Debug|Any CPU
		{A86A67AB-6CBD-4D3A-B7F5-03252893773F}.Debug|x86.ActiveCfg = Debug|Any CPU
		{A86A67AB-6CBD-4D3A-B7F5-03252893773F}.Debug|x86.Build.0 = Debug|Any CPU
		{A86A67AB-6CBD-4D3A-B7F5-03252893773F}.Release|Any CPU.ActiveCfg = Release|Any CPU
		{A86A67AB-6CBD-4D3A-B7F5-03252893773F}.Release|Any CPU.Build.0 = Release|Any CPU
		{A86A67AB-6CBD-4D3A-B7F5-03252893773F}.Release|x64.ActiveCfg = Release|Any CPU
		{A86A67AB-6CBD-4D3A-B7F5-03252893773F}.Release|x64.Build.0 = Release|Any CPU
		{A86A67AB-6CBD-4D3A-B7F5-03252893773F}.Release|x86.ActiveCfg = Release|Any CPU
		{A86A67AB-6CBD-4D3A-B7F5-03252893773F}.Release|x86.Build.0 = Release|Any CPU
		{CE190060-654B-45ED-81AB-BFDB8CC6F78B}.Debug|Any CPU.ActiveCfg = Debug|Any CPU
		{CE190060-654B-45ED-81AB-BFDB8CC6F78B}.Debug|Any CPU.Build.0 = Debug|Any CPU
		{CE190060-654B-45ED-81AB-BFDB8CC6F78B}.Debug|x64.ActiveCfg = Debug|Any CPU
		{CE190060-654B-45ED-81AB-BFDB8CC6F78B}.Debug|x64.Build.0 = Debug|Any CPU
		{CE190060-654B-45ED-81AB-BFDB8CC6F78B}.Debug|x86.ActiveCfg = Debug|Any CPU
		{CE190060-654B-45ED-81AB-BFDB8CC6F78B}.Debug|x86.Build.0 = Debug|Any CPU
		{CE190060-654B-45ED-81AB-BFDB8CC6F78B}.Release|Any CPU.ActiveCfg = Release|Any CPU
		{CE190060-654B-45ED-81AB-BFDB8CC6F78B}.Release|Any CPU.Build.0 = Release|Any CPU
		{CE190060-654B-45ED-81AB-BFDB8CC6F78B}.Release|x64.ActiveCfg = Release|Any CPU
		{CE190060-654B-45ED-81AB-BFDB8CC6F78B}.Release|x64.Build.0 = Release|Any CPU
		{CE190060-654B-45ED-81AB-BFDB8CC6F78B}.Release|x86.ActiveCfg = Release|Any CPU
		{CE190060-654B-45ED-81AB-BFDB8CC6F78B}.Release|x86.Build.0 = Release|Any CPU
		{F80C8062-DD93-433E-A891-151E12C9507A}.Debug|Any CPU.ActiveCfg = Debug|Any CPU
		{F80C8062-DD93-433E-A891-151E12C9507A}.Debug|Any CPU.Build.0 = Debug|Any CPU
		{F80C8062-DD93-433E-A891-151E12C9507A}.Debug|x64.ActiveCfg = Debug|Any CPU
		{F80C8062-DD93-433E-A891-151E12C9507A}.Debug|x64.Build.0 = Debug|Any CPU
		{F80C8062-DD93-433E-A891-151E12C9507A}.Debug|x86.ActiveCfg = Debug|Any CPU
		{F80C8062-DD93-433E-A891-151E12C9507A}.Debug|x86.Build.0 = Debug|Any CPU
		{F80C8062-DD93-433E-A891-151E12C9507A}.Release|Any CPU.ActiveCfg = Release|Any CPU
		{F80C8062-DD93-433E-A891-151E12C9507A}.Release|Any CPU.Build.0 = Release|Any CPU
		{F80C8062-DD93-433E-A891-151E12C9507A}.Release|x64.ActiveCfg = Release|Any CPU
		{F80C8062-DD93-433E-A891-151E12C9507A}.Release|x64.Build.0 = Release|Any CPU
		{F80C8062-DD93-433E-A891-151E12C9507A}.Release|x86.ActiveCfg = Release|Any CPU
		{F80C8062-DD93-433E-A891-151E12C9507A}.Release|x86.Build.0 = Release|Any CPU
		{939CD437-FCD2-43E8-9C91-4EA88B5F8F9A}.Debug|Any CPU.ActiveCfg = Debug|Any CPU
		{939CD437-FCD2-43E8-9C91-4EA88B5F8F9A}.Debug|Any CPU.Build.0 = Debug|Any CPU
		{939CD437-FCD2-43E8-9C91-4EA88B5F8F9A}.Debug|x64.ActiveCfg = Debug|Any CPU
		{939CD437-FCD2-43E8-9C91-4EA88B5F8F9A}.Debug|x64.Build.0 = Debug|Any CPU
		{939CD437-FCD2-43E8-9C91-4EA88B5F8F9A}.Debug|x86.ActiveCfg = Debug|Any CPU
		{939CD437-FCD2-43E8-9C91-4EA88B5F8F9A}.Debug|x86.Build.0 = Debug|Any CPU
		{939CD437-FCD2-43E8-9C91-4EA88B5F8F9A}.Release|Any CPU.ActiveCfg = Release|Any CPU
		{939CD437-FCD2-43E8-9C91-4EA88B5F8F9A}.Release|Any CPU.Build.0 = Release|Any CPU
		{939CD437-FCD2-43E8-9C91-4EA88B5F8F9A}.Release|x64.ActiveCfg = Release|Any CPU
		{939CD437-FCD2-43E8-9C91-4EA88B5F8F9A}.Release|x64.Build.0 = Release|Any CPU
		{939CD437-FCD2-43E8-9C91-4EA88B5F8F9A}.Release|x86.ActiveCfg = Release|Any CPU
		{939CD437-FCD2-43E8-9C91-4EA88B5F8F9A}.Release|x86.Build.0 = Release|Any CPU
		{179C6D9D-A3E0-45B1-B9A3-D5DCB1E3A026}.Debug|Any CPU.ActiveCfg = Debug|Any CPU
		{179C6D9D-A3E0-45B1-B9A3-D5DCB1E3A026}.Debug|Any CPU.Build.0 = Debug|Any CPU
		{179C6D9D-A3E0-45B1-B9A3-D5DCB1E3A026}.Debug|x64.ActiveCfg = Debug|Any CPU
		{179C6D9D-A3E0-45B1-B9A3-D5DCB1E3A026}.Debug|x64.Build.0 = Debug|Any CPU
		{179C6D9D-A3E0-45B1-B9A3-D5DCB1E3A026}.Debug|x86.ActiveCfg = Debug|Any CPU
		{179C6D9D-A3E0-45B1-B9A3-D5DCB1E3A026}.Debug|x86.Build.0 = Debug|Any CPU
		{179C6D9D-A3E0-45B1-B9A3-D5DCB1E3A026}.Release|Any CPU.ActiveCfg = Release|Any CPU
		{179C6D9D-A3E0-45B1-B9A3-D5DCB1E3A026}.Release|Any CPU.Build.0 = Release|Any CPU
		{179C6D9D-A3E0-45B1-B9A3-D5DCB1E3A026}.Release|x64.ActiveCfg = Release|Any CPU
		{179C6D9D-A3E0-45B1-B9A3-D5DCB1E3A026}.Release|x64.Build.0 = Release|Any CPU
		{179C6D9D-A3E0-45B1-B9A3-D5DCB1E3A026}.Release|x86.ActiveCfg = Release|Any CPU
		{179C6D9D-A3E0-45B1-B9A3-D5DCB1E3A026}.Release|x86.Build.0 = Release|Any CPU
		{8ED233B6-45F0-41C6-9009-1D46DE7845D7}.Debug|Any CPU.ActiveCfg = Debug|Any CPU
		{8ED233B6-45F0-41C6-9009-1D46DE7845D7}.Debug|Any CPU.Build.0 = Debug|Any CPU
		{8ED233B6-45F0-41C6-9009-1D46DE7845D7}.Debug|x64.ActiveCfg = Debug|Any CPU
		{8ED233B6-45F0-41C6-9009-1D46DE7845D7}.Debug|x64.Build.0 = Debug|Any CPU
		{8ED233B6-45F0-41C6-9009-1D46DE7845D7}.Debug|x86.ActiveCfg = Debug|Any CPU
		{8ED233B6-45F0-41C6-9009-1D46DE7845D7}.Debug|x86.Build.0 = Debug|Any CPU
		{8ED233B6-45F0-41C6-9009-1D46DE7845D7}.Release|Any CPU.ActiveCfg = Release|Any CPU
		{8ED233B6-45F0-41C6-9009-1D46DE7845D7}.Release|Any CPU.Build.0 = Release|Any CPU
		{8ED233B6-45F0-41C6-9009-1D46DE7845D7}.Release|x64.ActiveCfg = Release|Any CPU
		{8ED233B6-45F0-41C6-9009-1D46DE7845D7}.Release|x64.Build.0 = Release|Any CPU
		{8ED233B6-45F0-41C6-9009-1D46DE7845D7}.Release|x86.ActiveCfg = Release|Any CPU
		{8ED233B6-45F0-41C6-9009-1D46DE7845D7}.Release|x86.Build.0 = Release|Any CPU
		{5FFE430A-F812-4AF6-8722-A2479BBF5C6E}.Debug|Any CPU.ActiveCfg = Debug|Any CPU
		{5FFE430A-F812-4AF6-8722-A2479BBF5C6E}.Debug|Any CPU.Build.0 = Debug|Any CPU
		{5FFE430A-F812-4AF6-8722-A2479BBF5C6E}.Debug|x64.ActiveCfg = Debug|Any CPU
		{5FFE430A-F812-4AF6-8722-A2479BBF5C6E}.Debug|x64.Build.0 = Debug|Any CPU
		{5FFE430A-F812-4AF6-8722-A2479BBF5C6E}.Debug|x86.ActiveCfg = Debug|Any CPU
		{5FFE430A-F812-4AF6-8722-A2479BBF5C6E}.Debug|x86.Build.0 = Debug|Any CPU
		{5FFE430A-F812-4AF6-8722-A2479BBF5C6E}.Release|Any CPU.ActiveCfg = Release|Any CPU
		{5FFE430A-F812-4AF6-8722-A2479BBF5C6E}.Release|Any CPU.Build.0 = Release|Any CPU
		{5FFE430A-F812-4AF6-8722-A2479BBF5C6E}.Release|x64.ActiveCfg = Release|Any CPU
		{5FFE430A-F812-4AF6-8722-A2479BBF5C6E}.Release|x64.Build.0 = Release|Any CPU
		{5FFE430A-F812-4AF6-8722-A2479BBF5C6E}.Release|x86.ActiveCfg = Release|Any CPU
		{5FFE430A-F812-4AF6-8722-A2479BBF5C6E}.Release|x86.Build.0 = Release|Any CPU
	EndGlobalSection
	GlobalSection(SolutionProperties) = preSolution
		HideSolutionNode = FALSE
	EndGlobalSection
	GlobalSection(NestedProjects) = preSolution
		{8ED233B6-45F0-41C6-9009-1D46DE7845D7} = {E2C28C5D-334F-470F-8847-4AB1B00753FD}
		{5FFE430A-F812-4AF6-8722-A2479BBF5C6E} = {E2C28C5D-334F-470F-8847-4AB1B00753FD}
	EndGlobalSection
	GlobalSection(ExtensibilityGlobals) = postSolution
		SolutionGuid = {7962E97B-EAB8-42DE-AD02-2B5E8398CDA7}
	EndGlobalSection
EndGlobal
